// !$*UTF8*$!
{
	archiveVersion = 1;
	classes = {
	};
	objectVersion = 46;
	objects = {

/* Begin PBXBuildFile section */
		769B62912E5161604ACD2889 /* Pods_RealtimeDatabase.framework in Frameworks */ = {isa = PBXBuildFile; fileRef = C2473D81C3E0D2F16C3948A3 /* Pods_RealtimeDatabase.framework */; };
		E62C9DE71F3119670006FD02 /* GoogleService-Info.plist in Resources */ = {isa = PBXBuildFile; fileRef = E62C9DE61F3119670006FD02 /* GoogleService-Info.plist */; };
		E68FB97F1F30FA2D00A80763 /* AppDelegate.swift in Sources */ = {isa = PBXBuildFile; fileRef = E68FB97E1F30FA2D00A80763 /* AppDelegate.swift */; };
		E68FB9811F30FA2D00A80763 /* ViewController.swift in Sources */ = {isa = PBXBuildFile; fileRef = E68FB9801F30FA2D00A80763 /* ViewController.swift */; };
		E68FB9841F30FA2D00A80763 /* Main.storyboard in Resources */ = {isa = PBXBuildFile; fileRef = E68FB9821F30FA2D00A80763 /* Main.storyboard */; };
		E68FB9861F30FA2D00A80763 /* Assets.xcassets in Resources */ = {isa = PBXBuildFile; fileRef = E68FB9851F30FA2D00A80763 /* Assets.xcassets */; };
		E68FB9891F30FA2D00A80763 /* LaunchScreen.storyboard in Resources */ = {isa = PBXBuildFile; fileRef = E68FB9871F30FA2D00A80763 /* LaunchScreen.storyboard */; };
/* End PBXBuildFile section */

/* Begin PBXFileReference section */
		1DF723740429BD013F45D403 /* Pods-RealtimeDatabase.debug.xcconfig */ = {isa = PBXFileReference; includeInIndex = 1; lastKnownFileType = text.xcconfig; name = "Pods-RealtimeDatabase.debug.xcconfig"; path = "Pods/Target Support Files/Pods-RealtimeDatabase/Pods-RealtimeDatabase.debug.xcconfig"; sourceTree = "<group>"; };
		96CB0DA521EC204CD8E4FDB5 /* Pods-RealtimeDatabase.release.xcconfig */ = {isa = PBXFileReference; includeInIndex = 1; lastKnownFileType = text.xcconfig; name = "Pods-RealtimeDatabase.release.xcconfig"; path = "Pods/Target Support Files/Pods-RealtimeDatabase/Pods-RealtimeDatabase.release.xcconfig"; sourceTree = "<group>"; };
		C2473D81C3E0D2F16C3948A3 /* Pods_RealtimeDatabase.framework */ = {isa = PBXFileReference; explicitFileType = wrapper.framework; includeInIndex = 0; path = Pods_RealtimeDatabase.framework; sourceTree = BUILT_PRODUCTS_DIR; };
		E62C9DE61F3119670006FD02 /* GoogleService-Info.plist */ = {isa = PBXFileReference; fileEncoding = 4; lastKnownFileType = text.plist.xml; name = "GoogleService-Info.plist"; path = "../GoogleService-Info.plist"; sourceTree = "<group>"; };
		E68FB97B1F30FA2D00A80763 /* RealtimeDatabase.app */ = {isa = PBXFileReference; explicitFileType = wrapper.application; includeInIndex = 0; path = RealtimeDatabase.app; sourceTree = BUILT_PRODUCTS_DIR; };
		E68FB97E1F30FA2D00A80763 /* AppDelegate.swift */ = {isa = PBXFileReference; lastKnownFileType = sourcecode.swift; path = AppDelegate.swift; sourceTree = "<group>"; };
		E68FB9801F30FA2D00A80763 /* ViewController.swift */ = {isa = PBXFileReference; lastKnownFileType = sourcecode.swift; path = ViewController.swift; sourceTree = "<group>"; };
		E68FB9831F30FA2D00A80763 /* Base */ = {isa = PBXFileReference; lastKnownFileType = file.storyboard; name = Base; path = Base.lproj/Main.storyboard; sourceTree = "<group>"; };
		E68FB9851F30FA2D00A80763 /* Assets.xcassets */ = {isa = PBXFileReference; lastKnownFileType = folder.assetcatalog; path = Assets.xcassets; sourceTree = "<group>"; };
		E68FB9881F30FA2D00A80763 /* Base */ = {isa = PBXFileReference; lastKnownFileType = file.storyboard; name = Base; path = Base.lproj/LaunchScreen.storyboard; sourceTree = "<group>"; };
		E68FB98A1F30FA2D00A80763 /* Info.plist */ = {isa = PBXFileReference; lastKnownFileType = text.plist.xml; path = Info.plist; sourceTree = "<group>"; };
/* End PBXFileReference section */

/* Begin PBXFrameworksBuildPhase section */
		E68FB9781F30FA2D00A80763 /* Frameworks */ = {
			isa = PBXFrameworksBuildPhase;
			buildActionMask = 2147483647;
			files = (
				769B62912E5161604ACD2889 /* Pods_RealtimeDatabase.framework in Frameworks */,
			);
			runOnlyForDeploymentPostprocessing = 0;
		};
/* End PBXFrameworksBuildPhase section */

/* Begin PBXGroup section */
		DDAFF9A63A353E12BDC4D169 /* Pods */ = {
			isa = PBXGroup;
			children = (
				1DF723740429BD013F45D403 /* Pods-RealtimeDatabase.debug.xcconfig */,
				96CB0DA521EC204CD8E4FDB5 /* Pods-RealtimeDatabase.release.xcconfig */,
			);
			name = Pods;
			sourceTree = "<group>";
		};
		E38B2FDD5FEF2CCF773C47E0 /* Frameworks */ = {
			isa = PBXGroup;
			children = (
				C2473D81C3E0D2F16C3948A3 /* Pods_RealtimeDatabase.framework */,
			);
			name = Frameworks;
			sourceTree = "<group>";
		};
		E68FB9721F30FA2D00A80763 = {
			isa = PBXGroup;
			children = (
				E68FB97D1F30FA2D00A80763 /* RealtimeDatabase */,
				E68FB97C1F30FA2D00A80763 /* Products */,
				DDAFF9A63A353E12BDC4D169 /* Pods */,
				E38B2FDD5FEF2CCF773C47E0 /* Frameworks */,
			);
			sourceTree = "<group>";
		};
		E68FB97C1F30FA2D00A80763 /* Products */ = {
			isa = PBXGroup;
			children = (
				E68FB97B1F30FA2D00A80763 /* RealtimeDatabase.app */,
			);
			name = Products;
			sourceTree = "<group>";
		};
		E68FB97D1F30FA2D00A80763 /* RealtimeDatabase */ = {
			isa = PBXGroup;
			children = (
				E62C9DE61F3119670006FD02 /* GoogleService-Info.plist */,
				E68FB97E1F30FA2D00A80763 /* AppDelegate.swift */,
				E68FB9801F30FA2D00A80763 /* ViewController.swift */,
				E68FB9821F30FA2D00A80763 /* Main.storyboard */,
				E68FB9851F30FA2D00A80763 /* Assets.xcassets */,
				E68FB9871F30FA2D00A80763 /* LaunchScreen.storyboard */,
				E68FB98A1F30FA2D00A80763 /* Info.plist */,
			);
			path = RealtimeDatabase;
			sourceTree = "<group>";
		};
/* End PBXGroup section */

/* Begin PBXNativeTarget section */
		E68FB97A1F30FA2D00A80763 /* RealtimeDatabase */ = {
			isa = PBXNativeTarget;
			buildConfigurationList = E68FB98D1F30FA2D00A80763 /* Build configuration list for PBXNativeTarget "RealtimeDatabase" */;
			buildPhases = (
				ABF3CA07F927E3C7BC6EC10B /* [CP] Check Pods Manifest.lock */,
				E68FB9771F30FA2D00A80763 /* Sources */,
				E68FB9781F30FA2D00A80763 /* Frameworks */,
				E68FB9791F30FA2D00A80763 /* Resources */,
				A1DA78A477C5C71AF2EC3A8C /* [CP] Embed Pods Frameworks */,
				F94C34242893704C7362FE89 /* [CP] Copy Pods Resources */,
			);
			buildRules = (
			);
			dependencies = (
			);
			name = RealtimeDatabase;
			productName = RealtimeDatabase;
			productReference = E68FB97B1F30FA2D00A80763 /* RealtimeDatabase.app */;
			productType = "com.apple.product-type.application";
		};
/* End PBXNativeTarget section */

/* Begin PBXProject section */
		E68FB9731F30FA2D00A80763 /* Project object */ = {
			isa = PBXProject;
			attributes = {
				LastSwiftUpdateCheck = 0830;
				LastUpgradeCheck = 0830;
				ORGANIZATIONNAME = "seokhyun kim";
				TargetAttributes = {
					E68FB97A1F30FA2D00A80763 = {
						CreatedOnToolsVersion = 8.3.3;
						DevelopmentTeam = K424H3EQQ6;
						ProvisioningStyle = Automatic;
					};
				};
			};
			buildConfigurationList = E68FB9761F30FA2D00A80763 /* Build configuration list for PBXProject "RealtimeDatabase" */;
			compatibilityVersion = "Xcode 3.2";
			developmentRegion = English;
			hasScannedForEncodings = 0;
			knownRegions = (
				en,
				Base,
			);
			mainGroup = E68FB9721F30FA2D00A80763;
			productRefGroup = E68FB97C1F30FA2D00A80763 /* Products */;
			projectDirPath = "";
			projectRoot = "";
			targets = (
				E68FB97A1F30FA2D00A80763 /* RealtimeDatabase */,
			);
		};
/* End PBXProject section */

/* Begin PBXResourcesBuildPhase section */
		E68FB9791F30FA2D00A80763 /* Resources */ = {
			isa = PBXResourcesBuildPhase;
			buildActionMask = 2147483647;
			files = (
				E68FB9891F30FA2D00A80763 /* LaunchScreen.storyboard in Resources */,
				E62C9DE71F3119670006FD02 /* GoogleService-Info.plist in Resources */,
				E68FB9861F30FA2D00A80763 /* Assets.xcassets in Resources */,
				E68FB9841F30FA2D00A80763 /* Main.storyboard in Resources */,
			);
			runOnlyForDeploymentPostprocessing = 0;
		};
/* End PBXResourcesBuildPhase section */

/* Begin PBXShellScriptBuildPhase section */
		A1DA78A477C5C71AF2EC3A8C /* [CP] Embed Pods Frameworks */ = {
			isa = PBXShellScriptBuildPhase;
			buildActionMask = 2147483647;
			files = (
			);
			inputPaths = (
			);
			name = "[CP] Embed Pods Frameworks";
			outputPaths = (
			);
			runOnlyForDeploymentPostprocessing = 0;
			shellPath = /bin/sh;
			shellScript = "\"${SRCROOT}/Pods/Target Support Files/Pods-RealtimeDatabase/Pods-RealtimeDatabase-frameworks.sh\"\n";
			showEnvVarsInLog = 0;
		};
		ABF3CA07F927E3C7BC6EC10B /* [CP] Check Pods Manifest.lock */ = {
			isa = PBXShellScriptBuildPhase;
			buildActionMask = 2147483647;
			files = (
			);
			inputPaths = (
			);
			name = "[CP] Check Pods Manifest.lock";
			outputPaths = (
			);
			runOnlyForDeploymentPostprocessing = 0;
			shellPath = /bin/sh;
			shellScript = "diff \"${PODS_ROOT}/../Podfile.lock\" \"${PODS_ROOT}/Manifest.lock\" > /dev/null\nif [ $? != 0 ] ; then\n    # print error to STDERR\n    echo \"error: The sandbox is not in sync with the Podfile.lock. Run 'pod install' or update your CocoaPods installation.\" >&2\n    exit 1\nfi\n";
			showEnvVarsInLog = 0;
		};
		F94C34242893704C7362FE89 /* [CP] Copy Pods Resources */ = {
			isa = PBXShellScriptBuildPhase;
			buildActionMask = 2147483647;
			files = (
			);
			inputPaths = (
			);
			name = "[CP] Copy Pods Resources";
			outputPaths = (
			);
			runOnlyForDeploymentPostprocessing = 0;
			shellPath = /bin/sh;
			shellScript = "\"${SRCROOT}/Pods/Target Support Files/Pods-RealtimeDatabase/Pods-RealtimeDatabase-resources.sh\"\n";
			showEnvVarsInLog = 0;
		};
/* End PBXShellScriptBuildPhase section */

/* Begin PBXSourcesBuildPhase section */
		E68FB9771F30FA2D00A80763 /* Sources */ = {
			isa = PBXSourcesBuildPhase;
			buildActionMask = 2147483647;
			files = (
				E68FB9811F30FA2D00A80763 /* ViewController.swift in Sources */,
				E68FB97F1F30FA2D00A80763 /* AppDelegate.swift in Sources */,
			);
			runOnlyForDeploymentPostprocessing = 0;
		};
/* End PBXSourcesBuildPhase section */

/* Begin PBXVariantGroup section */
		E68FB9821F30FA2D00A80763 /* Main.storyboard */ = {
			isa = PBXVariantGroup;
			children = (
				E68FB9831F30FA2D00A80763 /* Base */,
			);
			name = Main.storyboard;
			sourceTree = "<group>";
		};
		E68FB9871F30FA2D00A80763 /* LaunchScreen.storyboard */ = {
			isa = PBXVariantGroup;
			children = (
				E68FB9881F30FA2D00A80763 /* Base */,
			);
			name = LaunchScreen.storyboard;
			sourceTree = "<group>";
		};
/* End PBXVariantGroup section */

/* Begin XCBuildConfiguration section */
		E68FB98B1F30FA2D00A80763 /* Debug */ = {
			isa = XCBuildConfiguration;
			buildSettings = {
				ALWAYS_SEARCH_USER_PATHS = NO;
				CLANG_ANALYZER_NONNULL = YES;
				CLANG_ANALYZER_NUMBER_OBJECT_CONVERSION = YES_AGGRESSIVE;
				CLANG_CXX_LANGUAGE_STANDARD = "gnu++0x";
				CLANG_CXX_LIBRARY = "libc++";
				CLANG_ENABLE_MODULES = YES;
				CLANG_ENABLE_OBJC_ARC = YES;
				CLANG_WARN_BOOL_CONVERSION = YES;
				CLANG_WARN_CONSTANT_CONVERSION = YES;
				CLANG_WARN_DIRECT_OBJC_ISA_USAGE = YES_ERROR;
				CLANG_WARN_DOCUMENTATION_COMMENTS = YES;
				CLANG_WARN_EMPTY_BODY = YES;
				CLANG_WARN_ENUM_CONVERSION = YES;
				CLANG_WARN_INFINITE_RECURSION = YES;
				CLANG_WARN_INT_CONVERSION = YES;
				CLANG_WARN_OBJC_ROOT_CLASS = YES_ERROR;
				CLANG_WARN_SUSPICIOUS_MOVE = YES;
				CLANG_WARN_UNREACHABLE_CODE = YES;
				CLANG_WARN__DUPLICATE_METHOD_MATCH = YES;
				"CODE_SIGN_IDENTITY[sdk=iphoneos*]" = "iPhone Developer";
				COPY_PHASE_STRIP = NO;
				DEBUG_INFORMATION_FORMAT = dwarf;
				ENABLE_STRICT_OBJC_MSGSEND = YES;
				ENABLE_TESTABILITY = YES;
				GCC_C_LANGUAGE_STANDARD = gnu99;
				GCC_DYNAMIC_NO_PIC = NO;
				GCC_NO_COMMON_BLOCKS = YES;
				GCC_OPTIMIZATION_LEVEL = 0;
				GCC_PREPROCESSOR_DEFINITIONS = (
					"DEBUG=1",
					"$(inherited)",
				);
				GCC_WARN_64_TO_32_BIT_CONVERSION = YES;
				GCC_WARN_ABOUT_RETURN_TYPE = YES_ERROR;
				GCC_WARN_UNDECLARED_SELECTOR = YES;
				GCC_WARN_UNINITIALIZED_AUTOS = YES_AGGRESSIVE;
				GCC_WARN_UNUSED_FUNCTION = YES;
				GCC_WARN_UNUSED_VARIABLE = YES;
				IPHONEOS_DEPLOYMENT_TARGET = 10.3;
				MTL_ENABLE_DEBUG_INFO = YES;
				ONLY_ACTIVE_ARCH = YES;
				SDKROOT = iphoneos;
				SWIFT_ACTIVE_COMPILATION_CONDITIONS = DEBUG;
				SWIFT_OPTIMIZATION_LEVEL = "-Onone";
			};
			name = Debug;
		};
		E68FB98C1F30FA2D00A80763 /* Release */ = {
			isa = XCBuildConfiguration;
			buildSettings = {
				ALWAYS_SEARCH_USER_PATHS = NO;
				CLANG_ANALYZER_NONNULL = YES;
				CLANG_ANALYZER_NUMBER_OBJECT_CONVERSION = YES_AGGRESSIVE;
				CLANG_CXX_LANGUAGE_STANDARD = "gnu++0x";
				CLANG_CXX_LIBRARY = "libc++";
				CLANG_ENABLE_MODULES = YES;
				CLANG_ENABLE_OBJC_ARC = YES;
				CLANG_WARN_BOOL_CONVERSION = YES;
				CLANG_WARN_CONSTANT_CONVERSION = YES;
				CLANG_WARN_DIRECT_OBJC_ISA_USAGE = YES_ERROR;
				CLANG_WARN_DOCUMENTATION_COMMENTS = YES;
				CLANG_WARN_EMPTY_BODY = YES;
				CLANG_WARN_ENUM_CONVERSION = YES;
				CLANG_WARN_INFINITE_RECURSION = YES;
				CLANG_WARN_INT_CONVERSION = YES;
				CLANG_WARN_OBJC_ROOT_CLASS = YES_ERROR;
				CLANG_WARN_SUSPICIOUS_MOVE = YES;
				CLANG_WARN_UNREACHABLE_CODE = YES;
				CLANG_WARN__DUPLICATE_METHOD_MATCH = YES;
				"CODE_SIGN_IDENTITY[sdk=iphoneos*]" = "iPhone Developer";
				COPY_PHASE_STRIP = NO;
				DEBUG_INFORMATION_FORMAT = "dwarf-with-dsym";
				ENABLE_NS_ASSERTIONS = NO;
				ENABLE_STRICT_OBJC_MSGSEND = YES;
				GCC_C_LANGUAGE_STANDARD = gnu99;
				GCC_NO_COMMON_BLOCKS = YES;
				GCC_WARN_64_TO_32_BIT_CONVERSION = YES;
				GCC_WARN_ABOUT_RETURN_TYPE = YES_ERROR;
				GCC_WARN_UNDECLARED_SELECTOR = YES;
				GCC_WARN_UNINITIALIZED_AUTOS = YES_AGGRESSIVE;
				GCC_WARN_UNUSED_FUNCTION = YES;
				GCC_WARN_UNUSED_VARIABLE = YES;
				IPHONEOS_DEPLOYMENT_TARGET = 10.3;
				MTL_ENABLE_DEBUG_INFO = NO;
				SDKROOT = iphoneos;
				SWIFT_OPTIMIZATION_LEVEL = "-Owholemodule";
				VALIDATE_PRODUCT = YES;
			};
			name = Release;
		};
		E68FB98E1F30FA2D00A80763 /* Debug */ = {
			isa = XCBuildConfiguration;
			baseConfigurationReference = 1DF723740429BD013F45D403 /* Pods-RealtimeDatabase.debug.xcconfig */;
			buildSettings = {
				ASSETCATALOG_COMPILER_APPICON_NAME = AppIcon;
				DEVELOPMENT_TEAM = K424H3EQQ6;
				INFOPLIST_FILE = RealtimeDatabase/Info.plist;
				LD_RUNPATH_SEARCH_PATHS = "$(inherited) @executable_path/Frameworks";
				PRODUCT_BUNDLE_IDENTIFIER = com.wjapp.RealtimeDatabase;
				PRODUCT_NAME = "$(TARGET_NAME)";
				SWIFT_VERSION = 3.0;
			};
			name = Debug;
		};
		E68FB98F1F30FA2D00A80763 /* Release */ = {
			isa = XCBuildConfiguration;
			baseConfigurationReference = 96CB0DA521EC204CD8E4FDB5 /* Pods-RealtimeDatabase.release.xcconfig */;
			buildSettings = {
				ASSETCATALOG_COMPILER_APPICON_NAME = AppIcon;
				DEVELOPMENT_TEAM = K424H3EQQ6;
				INFOPLIST_FILE = RealtimeDatabase/Info.plist;
				LD_RUNPATH_SEARCH_PATHS = "$(inherited) @executable_path/Frameworks";
				PRODUCT_BUNDLE_IDENTIFIER = com.wjapp.RealtimeDatabase;
				PRODUCT_NAME = "$(TARGET_NAME)";
				SWIFT_VERSION = 3.0;
			};
			name = Release;
		};
/* End XCBuildConfiguration section */

/* Begin XCConfigurationList section */
		E68FB9761F30FA2D00A80763 /* Build configuration list for PBXProject "RealtimeDatabase" */ = {
			isa = XCConfigurationList;
			buildConfigurations = (
				E68FB98B1F30FA2D00A80763 /* Debug */,
				E68FB98C1F30FA2D00A80763 /* Release */,
			);
			defaultConfigurationIsVisible = 0;
			defaultConfigurationName = Release;
		};
		E68FB98D1F30FA2D00A80763 /* Build configuration list for PBXNativeTarget "RealtimeDatabase" */ = {
			isa = XCConfigurationList;
			buildConfigurations = (
				E68FB98E1F30FA2D00A80763 /* Debug */,
				E68FB98F1F30FA2D00A80763 /* Release */,
			);
			defaultConfigurationIsVisible = 0;
			defaultConfigurationName = Release;
		};
/* End XCConfigurationList section */
	};
	rootObject = E68FB9731F30FA2D00A80763 /* Project object */;
}
